// !$*UTF8*$!
{
	archiveVersion = 1;
	classes = {
	};
	objectVersion = 55;
	objects = {

/* Begin PBXBuildFile section */
		073582B82881E15000082D2E /* AppetizerListViewModel.swift in Sources */ = {isa = PBXBuildFile; fileRef = 073582B72881E15000082D2E /* AppetizerListViewModel.swift */; };
		073582BB2881E3A600082D2E /* Alert.swift in Sources */ = {isa = PBXBuildFile; fileRef = 073582BA2881E3A600082D2E /* Alert.swift */; };
		073582BD2881EACE00082D2E /* LoadingView.swift in Sources */ = {isa = PBXBuildFile; fileRef = 073582BC2881EACE00082D2E /* LoadingView.swift */; };
		073582BF2881ED9700082D2E /* Color+Extension.swift in Sources */ = {isa = PBXBuildFile; fileRef = 073582BE2881ED9700082D2E /* Color+Extension.swift */; };
		073582C12881FCD600082D2E /* RemoteImage.swift in Sources */ = {isa = PBXBuildFile; fileRef = 073582C02881FCD600082D2E /* RemoteImage.swift */; };
		073582CF288376CC00082D2E /* AppetizerDetailView.swift in Sources */ = {isa = PBXBuildFile; fileRef = 073582CE288376CC00082D2E /* AppetizerDetailView.swift */; };
		073582D22885C18000082D2E /* APButton.swift in Sources */ = {isa = PBXBuildFile; fileRef = 073582D12885C18000082D2E /* APButton.swift */; };
		073582D42885C23500082D2E /* XDismissButton.swift in Sources */ = {isa = PBXBuildFile; fileRef = 073582D32885C23500082D2E /* XDismissButton.swift */; };
		073582D62885E1B000082D2E /* AccounViewModel.swift in Sources */ = {isa = PBXBuildFile; fileRef = 073582D52885E1B000082D2E /* AccounViewModel.swift */; };
		073582D82885E64600082D2E /* String+Extension.swift in Sources */ = {isa = PBXBuildFile; fileRef = 073582D72885E64600082D2E /* String+Extension.swift */; };
		073582DA2885F19B00082D2E /* User.swift in Sources */ = {isa = PBXBuildFile; fileRef = 073582D92885F19B00082D2E /* User.swift */; };
		073582DD28874DFC00082D2E /* EmptyState.swift in Sources */ = {isa = PBXBuildFile; fileRef = 073582DC28874DFC00082D2E /* EmptyState.swift */; };
		073582DF2887591C00082D2E /* Order.swift in Sources */ = {isa = PBXBuildFile; fileRef = 073582DE2887591C00082D2E /* Order.swift */; };
		073582E1288769E500082D2E /* CustomModifiers.swift in Sources */ = {isa = PBXBuildFile; fileRef = 073582E0288769E500082D2E /* CustomModifiers.swift */; };
		073C147628807DD4001B4BA6 /* AppetizersApp.swift in Sources */ = {isa = PBXBuildFile; fileRef = 073C147528807DD4001B4BA6 /* AppetizersApp.swift */; };
		073C147828807DD4001B4BA6 /* AppetizerTabView.swift in Sources */ = {isa = PBXBuildFile; fileRef = 073C147728807DD4001B4BA6 /* AppetizerTabView.swift */; };
		073C147A28807DD5001B4BA6 /* Assets.xcassets in Resources */ = {isa = PBXBuildFile; fileRef = 073C147928807DD5001B4BA6 /* Assets.xcassets */; };
		073C147D28807DD5001B4BA6 /* Preview Assets.xcassets in Resources */ = {isa = PBXBuildFile; fileRef = 073C147C28807DD5001B4BA6 /* Preview Assets.xcassets */; };
		073C14842880CBAF001B4BA6 /* AppetizerListView.swift in Sources */ = {isa = PBXBuildFile; fileRef = 073C14832880CBAF001B4BA6 /* AppetizerListView.swift */; };
		073C14862880CBBC001B4BA6 /* AccountView.swift in Sources */ = {isa = PBXBuildFile; fileRef = 073C14852880CBBC001B4BA6 /* AccountView.swift */; };
		073C14882880CBC7001B4BA6 /* OrderView.swift in Sources */ = {isa = PBXBuildFile; fileRef = 073C14872880CBC7001B4BA6 /* OrderView.swift */; };
		073C148A2880FF08001B4BA6 /* Appetizer.swift in Sources */ = {isa = PBXBuildFile; fileRef = 073C14892880FF08001B4BA6 /* Appetizer.swift */; };
		073C148D28811D61001B4BA6 /* AppetizerListCell.swift in Sources */ = {isa = PBXBuildFile; fileRef = 073C148C28811D61001B4BA6 /* AppetizerListCell.swift */; };
		073C148F288124CA001B4BA6 /* NetworkManager.swift in Sources */ = {isa = PBXBuildFile; fileRef = 073C148E288124CA001B4BA6 /* NetworkManager.swift */; };
		073C14912881262D001B4BA6 /* APError.swift in Sources */ = {isa = PBXBuildFile; fileRef = 073C14902881262D001B4BA6 /* APError.swift */; };
/* End PBXBuildFile section */

/* Begin PBXFileReference section */
		073582B72881E15000082D2E /* AppetizerListViewModel.swift */ = {isa = PBXFileReference; lastKnownFileType = sourcecode.swift; path = AppetizerListViewModel.swift; sourceTree = "<group>"; };
		073582BA2881E3A600082D2E /* Alert.swift */ = {isa = PBXFileReference; lastKnownFileType = sourcecode.swift; path = Alert.swift; sourceTree = "<group>"; };
		073582BC2881EACE00082D2E /* LoadingView.swift */ = {isa = PBXFileReference; lastKnownFileType = sourcecode.swift; path = LoadingView.swift; sourceTree = "<group>"; };
		073582BE2881ED9700082D2E /* Color+Extension.swift */ = {isa = PBXFileReference; lastKnownFileType = sourcecode.swift; path = "Color+Extension.swift"; sourceTree = "<group>"; };
		073582C02881FCD600082D2E /* RemoteImage.swift */ = {isa = PBXFileReference; lastKnownFileType = sourcecode.swift; path = RemoteImage.swift; sourceTree = "<group>"; };
		073582CE288376CC00082D2E /* AppetizerDetailView.swift */ = {isa = PBXFileReference; lastKnownFileType = sourcecode.swift; path = AppetizerDetailView.swift; sourceTree = "<group>"; };
		073582D12885C18000082D2E /* APButton.swift */ = {isa = PBXFileReference; lastKnownFileType = sourcecode.swift; path = APButton.swift; sourceTree = "<group>"; };
		073582D32885C23500082D2E /* XDismissButton.swift */ = {isa = PBXFileReference; lastKnownFileType = sourcecode.swift; path = XDismissButton.swift; sourceTree = "<group>"; };
		073582D52885E1B000082D2E /* AccounViewModel.swift */ = {isa = PBXFileReference; lastKnownFileType = sourcecode.swift; path = AccounViewModel.swift; sourceTree = "<group>"; };
		073582D72885E64600082D2E /* String+Extension.swift */ = {isa = PBXFileReference; lastKnownFileType = sourcecode.swift; path = "String+Extension.swift"; sourceTree = "<group>"; };
		073582D92885F19B00082D2E /* User.swift */ = {isa = PBXFileReference; lastKnownFileType = sourcecode.swift; path = User.swift; sourceTree = "<group>"; };
		073582DC28874DFC00082D2E /* EmptyState.swift */ = {isa = PBXFileReference; lastKnownFileType = sourcecode.swift; path = EmptyState.swift; sourceTree = "<group>"; };
		073582DE2887591C00082D2E /* Order.swift */ = {isa = PBXFileReference; lastKnownFileType = sourcecode.swift; path = Order.swift; sourceTree = "<group>"; };
		073582E0288769E500082D2E /* CustomModifiers.swift */ = {isa = PBXFileReference; lastKnownFileType = sourcecode.swift; path = CustomModifiers.swift; sourceTree = "<group>"; };
		073C147228807DD4001B4BA6 /* Appetizers.app */ = {isa = PBXFileReference; explicitFileType = wrapper.application; includeInIndex = 0; path = Appetizers.app; sourceTree = BUILT_PRODUCTS_DIR; };
		073C147528807DD4001B4BA6 /* AppetizersApp.swift */ = {isa = PBXFileReference; lastKnownFileType = sourcecode.swift; path = AppetizersApp.swift; sourceTree = "<group>"; };
		073C147728807DD4001B4BA6 /* AppetizerTabView.swift */ = {isa = PBXFileReference; lastKnownFileType = sourcecode.swift; path = AppetizerTabView.swift; sourceTree = "<group>"; };
		073C147928807DD5001B4BA6 /* Assets.xcassets */ = {isa = PBXFileReference; lastKnownFileType = folder.assetcatalog; path = Assets.xcassets; sourceTree = "<group>"; };
		073C147C28807DD5001B4BA6 /* Preview Assets.xcassets */ = {isa = PBXFileReference; lastKnownFileType = folder.assetcatalog; path = "Preview Assets.xcassets"; sourceTree = "<group>"; };
		073C14832880CBAF001B4BA6 /* AppetizerListView.swift */ = {isa = PBXFileReference; lastKnownFileType = sourcecode.swift; path = AppetizerListView.swift; sourceTree = "<group>"; };
		073C14852880CBBC001B4BA6 /* AccountView.swift */ = {isa = PBXFileReference; lastKnownFileType = sourcecode.swift; path = AccountView.swift; sourceTree = "<group>"; };
		073C14872880CBC7001B4BA6 /* OrderView.swift */ = {isa = PBXFileReference; lastKnownFileType = sourcecode.swift; path = OrderView.swift; sourceTree = "<group>"; };
		073C14892880FF08001B4BA6 /* Appetizer.swift */ = {isa = PBXFileReference; lastKnownFileType = sourcecode.swift; path = Appetizer.swift; sourceTree = "<group>"; };
		073C148C28811D61001B4BA6 /* AppetizerListCell.swift */ = {isa = PBXFileReference; lastKnownFileType = sourcecode.swift; path = AppetizerListCell.swift; sourceTree = "<group>"; };
		073C148E288124CA001B4BA6 /* NetworkManager.swift */ = {isa = PBXFileReference; lastKnownFileType = sourcecode.swift; path = NetworkManager.swift; sourceTree = "<group>"; };
		073C14902881262D001B4BA6 /* APError.swift */ = {isa = PBXFileReference; lastKnownFileType = sourcecode.swift; path = APError.swift; sourceTree = "<group>"; };
/* End PBXFileReference section */

/* Begin PBXFrameworksBuildPhase section */
		073C146F28807DD4001B4BA6 /* Frameworks */ = {
			isa = PBXFrameworksBuildPhase;
			buildActionMask = 2147483647;
			files = (
			);
			runOnlyForDeploymentPostprocessing = 0;
		};
/* End PBXFrameworksBuildPhase section */

/* Begin PBXGroup section */
		073582B92881E39C00082D2E /* Utils */ = {
			isa = PBXGroup;
			children = (
				073582C8288373D500082D2E /* Alerts */,
				073582C7288373BF00082D2E /* Extensions */,
				073582C6288373AF00082D2E /* Managers */,
			);
			path = Utils;
			sourceTree = "<group>";
		};
		073582C22883734300082D2E /* Screens */ = {
			isa = PBXGroup;
			children = (
				073C147728807DD4001B4BA6 /* AppetizerTabView.swift */,
				073582C32883734C00082D2E /* AppetizerListView */,
				073582C42883736200082D2E /* AccountView */,
				073582C52883736900082D2E /* OrderView */,
			);
			path = Screens;
			sourceTree = "<group>";
		};
		073582C32883734C00082D2E /* AppetizerListView */ = {
			isa = PBXGroup;
			children = (
				073582B72881E15000082D2E /* AppetizerListViewModel.swift */,
				073C14832880CBAF001B4BA6 /* AppetizerListView.swift */,
				073582CE288376CC00082D2E /* AppetizerDetailView.swift */,
			);
			path = AppetizerListView;
			sourceTree = "<group>";
		};
		073582C42883736200082D2E /* AccountView */ = {
			isa = PBXGroup;
			children = (
				073582D52885E1B000082D2E /* AccounViewModel.swift */,
				073C14852880CBBC001B4BA6 /* AccountView.swift */,
			);
			path = AccountView;
			sourceTree = "<group>";
		};
		073582C52883736900082D2E /* OrderView */ = {
			isa = PBXGroup;
			children = (
				073C14872880CBC7001B4BA6 /* OrderView.swift */,
			);
			path = OrderView;
			sourceTree = "<group>";
		};
		073582C6288373AF00082D2E /* Managers */ = {
			isa = PBXGroup;
			children = (
				073C148E288124CA001B4BA6 /* NetworkManager.swift */,
			);
			path = Managers;
			sourceTree = "<group>";
		};
		073582C7288373BF00082D2E /* Extensions */ = {
			isa = PBXGroup;
			children = (
				073582BE2881ED9700082D2E /* Color+Extension.swift */,
				073582D72885E64600082D2E /* String+Extension.swift */,
			);
			path = Extensions;
			sourceTree = "<group>";
		};
		073582C8288373D500082D2E /* Alerts */ = {
			isa = PBXGroup;
			children = (
				073C14902881262D001B4BA6 /* APError.swift */,
				073582BA2881E3A600082D2E /* Alert.swift */,
			);
			path = Alerts;
			sourceTree = "<group>";
		};
		073582C92883744A00082D2E /* Views */ = {
			isa = PBXGroup;
			children = (
				073582DB28874DE400082D2E /* Empty States */,
				073582D02885C17200082D2E /* Buttons */,
				073582CC2883746B00082D2E /* Image */,
				073582CB2883746000082D2E /* Cells */,
				073582CA2883745300082D2E /* UIKit Components */,
				073582E0288769E500082D2E /* CustomModifiers.swift */,
			);
			path = Views;
			sourceTree = "<group>";
		};
		073582CA2883745300082D2E /* UIKit Components */ = {
			isa = PBXGroup;
			children = (
				073582BC2881EACE00082D2E /* LoadingView.swift */,
			);
			path = "UIKit Components";
			sourceTree = "<group>";
		};
		073582CB2883746000082D2E /* Cells */ = {
			isa = PBXGroup;
			children = (
				073C148C28811D61001B4BA6 /* AppetizerListCell.swift */,
			);
			path = Cells;
			sourceTree = "<group>";
		};
		073582CC2883746B00082D2E /* Image */ = {
			isa = PBXGroup;
			children = (
				073582C02881FCD600082D2E /* RemoteImage.swift */,
			);
			path = Image;
			sourceTree = "<group>";
		};
		073582D02885C17200082D2E /* Buttons */ = {
			isa = PBXGroup;
			children = (
				073582D12885C18000082D2E /* APButton.swift */,
				073582D32885C23500082D2E /* XDismissButton.swift */,
			);
			path = Buttons;
			sourceTree = "<group>";
		};
		073582DB28874DE400082D2E /* Empty States */ = {
			isa = PBXGroup;
			children = (
				073582DC28874DFC00082D2E /* EmptyState.swift */,
			);
			path = "Empty States";
			sourceTree = "<group>";
		};
		073C146928807DD4001B4BA6 = {
			isa = PBXGroup;
			children = (
				073C147428807DD4001B4BA6 /* Appetizers */,
				073C147528807DD4001B4BA6 /* AppetizersApp.swift */,
				073C147928807DD5001B4BA6 /* Assets.xcassets */,
				073C147328807DD4001B4BA6 /* Products */,
			);
			sourceTree = "<group>";
		};
		073C147328807DD4001B4BA6 /* Products */ = {
			isa = PBXGroup;
			children = (
				073C147228807DD4001B4BA6 /* Appetizers.app */,
			);
			name = Products;
			sourceTree = "<group>";
		};
		073C147428807DD4001B4BA6 /* Appetizers */ = {
			isa = PBXGroup;
			children = (
				073C147B28807DD5001B4BA6 /* Preview Content */,
				073C148B28810363001B4BA6 /* Model */,
				073582C92883744A00082D2E /* Views */,
				073582C22883734300082D2E /* Screens */,
				073582B92881E39C00082D2E /* Utils */,
			);
			path = Appetizers;
			sourceTree = "<group>";
		};
		073C147B28807DD5001B4BA6 /* Preview Content */ = {
			isa = PBXGroup;
			children = (
				073C147C28807DD5001B4BA6 /* Preview Assets.xcassets */,
			);
			path = "Preview Content";
			sourceTree = "<group>";
		};
		073C148B28810363001B4BA6 /* Model */ = {
			isa = PBXGroup;
			children = (
				073C14892880FF08001B4BA6 /* Appetizer.swift */,
				073582D92885F19B00082D2E /* User.swift */,
				073582DE2887591C00082D2E /* Order.swift */,
			);
			path = Model;
			sourceTree = "<group>";
		};
/* End PBXGroup section */

/* Begin PBXNativeTarget section */
		073C147128807DD4001B4BA6 /* Appetizers */ = {
			isa = PBXNativeTarget;
			buildConfigurationList = 073C148028807DD5001B4BA6 /* Build configuration list for PBXNativeTarget "Appetizers" */;
			buildPhases = (
				073C146E28807DD4001B4BA6 /* Sources */,
				073C146F28807DD4001B4BA6 /* Frameworks */,
				073C147028807DD4001B4BA6 /* Resources */,
			);
			buildRules = (
			);
			dependencies = (
			);
			name = Appetizers;
			productName = Appetizers;
			productReference = 073C147228807DD4001B4BA6 /* Appetizers.app */;
			productType = "com.apple.product-type.application";
		};
/* End PBXNativeTarget section */

/* Begin PBXProject section */
		073C146A28807DD4001B4BA6 /* Project object */ = {
			isa = PBXProject;
			attributes = {
				BuildIndependentTargetsInParallel = 1;
				LastSwiftUpdateCheck = 1340;
				LastUpgradeCheck = 1340;
				TargetAttributes = {
					073C147128807DD4001B4BA6 = {
						CreatedOnToolsVersion = 13.4.1;
					};
				};
			};
			buildConfigurationList = 073C146D28807DD4001B4BA6 /* Build configuration list for PBXProject "Appetizers" */;
			compatibilityVersion = "Xcode 13.0";
			developmentRegion = en;
			hasScannedForEncodings = 0;
			knownRegions = (
				en,
				Base,
			);
			mainGroup = 073C146928807DD4001B4BA6;
			productRefGroup = 073C147328807DD4001B4BA6 /* Products */;
			projectDirPath = "";
			projectRoot = "";
			targets = (
				073C147128807DD4001B4BA6 /* Appetizers */,
			);
		};
/* End PBXProject section */

/* Begin PBXResourcesBuildPhase section */
		073C147028807DD4001B4BA6 /* Resources */ = {
			isa = PBXResourcesBuildPhase;
			buildActionMask = 2147483647;
			files = (
				073C147D28807DD5001B4BA6 /* Preview Assets.xcassets in Resources */,
				073C147A28807DD5001B4BA6 /* Assets.xcassets in Resources */,
			);
			runOnlyForDeploymentPostprocessing = 0;
		};
/* End PBXResourcesBuildPhase section */

/* Begin PBXSourcesBuildPhase section */
		073C146E28807DD4001B4BA6 /* Sources */ = {
			isa = PBXSourcesBuildPhase;
			buildActionMask = 2147483647;
			files = (
				073C148A2880FF08001B4BA6 /* Appetizer.swift in Sources */,
				073582D62885E1B000082D2E /* AccounViewModel.swift in Sources */,
				073C14912881262D001B4BA6 /* APError.swift in Sources */,
				073582D82885E64600082D2E /* String+Extension.swift in Sources */,
				073582DF2887591C00082D2E /* Order.swift in Sources */,
				073582D42885C23500082D2E /* XDismissButton.swift in Sources */,
				073C148D28811D61001B4BA6 /* AppetizerListCell.swift in Sources */,
				073582B82881E15000082D2E /* AppetizerListViewModel.swift in Sources */,
				073C14862880CBBC001B4BA6 /* AccountView.swift in Sources */,
				073582DA2885F19B00082D2E /* User.swift in Sources */,
				073582BD2881EACE00082D2E /* LoadingView.swift in Sources */,
				073582D22885C18000082D2E /* APButton.swift in Sources */,
				073C147828807DD4001B4BA6 /* AppetizerTabView.swift in Sources */,
				073C148F288124CA001B4BA6 /* NetworkManager.swift in Sources */,
				073C147628807DD4001B4BA6 /* AppetizersApp.swift in Sources */,
				073582C12881FCD600082D2E /* RemoteImage.swift in Sources */,
				073582DD28874DFC00082D2E /* EmptyState.swift in Sources */,
				073582CF288376CC00082D2E /* AppetizerDetailView.swift in Sources */,
				073582BB2881E3A600082D2E /* Alert.swift in Sources */,
				073C14842880CBAF001B4BA6 /* AppetizerListView.swift in Sources */,
				073582E1288769E500082D2E /* CustomModifiers.swift in Sources */,
				073C14882880CBC7001B4BA6 /* OrderView.swift in Sources */,
				073582BF2881ED9700082D2E /* Color+Extension.swift in Sources */,
			);
			runOnlyForDeploymentPostprocessing = 0;
		};
/* End PBXSourcesBuildPhase section */

/* Begin XCBuildConfiguration section */
		073C147E28807DD5001B4BA6 /* Debug */ = {
			isa = XCBuildConfiguration;
			buildSettings = {
				ALWAYS_SEARCH_USER_PATHS = NO;
				CLANG_ANALYZER_NONNULL = YES;
				CLANG_ANALYZER_NUMBER_OBJECT_CONVERSION = YES_AGGRESSIVE;
				CLANG_CXX_LANGUAGE_STANDARD = "gnu++17";
				CLANG_ENABLE_MODULES = YES;
				CLANG_ENABLE_OBJC_ARC = YES;
				CLANG_ENABLE_OBJC_WEAK = YES;
				CLANG_WARN_BLOCK_CAPTURE_AUTORELEASING = YES;
				CLANG_WARN_BOOL_CONVERSION = YES;
				CLANG_WARN_COMMA = YES;
				CLANG_WARN_CONSTANT_CONVERSION = YES;
				CLANG_WARN_DEPRECATED_OBJC_IMPLEMENTATIONS = YES;
				CLANG_WARN_DIRECT_OBJC_ISA_USAGE = YES_ERROR;
				CLANG_WARN_DOCUMENTATION_COMMENTS = YES;
				CLANG_WARN_EMPTY_BODY = YES;
				CLANG_WARN_ENUM_CONVERSION = YES;
				CLANG_WARN_INFINITE_RECURSION = YES;
				CLANG_WARN_INT_CONVERSION = YES;
				CLANG_WARN_NON_LITERAL_NULL_CONVERSION = YES;
				CLANG_WARN_OBJC_IMPLICIT_RETAIN_SELF = YES;
				CLANG_WARN_OBJC_LITERAL_CONVERSION = YES;
				CLANG_WARN_OBJC_ROOT_CLASS = YES_ERROR;
				CLANG_WARN_QUOTED_INCLUDE_IN_FRAMEWORK_HEADER = YES;
				CLANG_WARN_RANGE_LOOP_ANALYSIS = YES;
				CLANG_WARN_STRICT_PROTOTYPES = YES;
				CLANG_WARN_SUSPICIOUS_MOVE = YES;
				CLANG_WARN_UNGUARDED_AVAILABILITY = YES_AGGRESSIVE;
				CLANG_WARN_UNREACHABLE_CODE = YES;
				CLANG_WARN__DUPLICATE_METHOD_MATCH = YES;
				COPY_PHASE_STRIP = NO;
				DEBUG_INFORMATION_FORMAT = dwarf;
				ENABLE_STRICT_OBJC_MSGSEND = YES;
				ENABLE_TESTABILITY = YES;
				GCC_C_LANGUAGE_STANDARD = gnu11;
				GCC_DYNAMIC_NO_PIC = NO;
				GCC_NO_COMMON_BLOCKS = YES;
				GCC_OPTIMIZATION_LEVEL = 0;
				GCC_PREPROCESSOR_DEFINITIONS = (
					"DEBUG=1",
					"$(inherited)",
				);
				GCC_WARN_64_TO_32_BIT_CONVERSION = YES;
				GCC_WARN_ABOUT_RETURN_TYPE = YES_ERROR;
				GCC_WARN_UNDECLARED_SELECTOR = YES;
				GCC_WARN_UNINITIALIZED_AUTOS = YES_AGGRESSIVE;
				GCC_WARN_UNUSED_FUNCTION = YES;
				GCC_WARN_UNUSED_VARIABLE = YES;
				IPHONEOS_DEPLOYMENT_TARGET = 15.5;
				MTL_ENABLE_DEBUG_INFO = INCLUDE_SOURCE;
				MTL_FAST_MATH = YES;
				ONLY_ACTIVE_ARCH = YES;
				SDKROOT = iphoneos;
				SWIFT_ACTIVE_COMPILATION_CONDITIONS = DEBUG;
				SWIFT_OPTIMIZATION_LEVEL = "-Onone";
			};
			name = Debug;
		};
		073C147F28807DD5001B4BA6 /* Release */ = {
			isa = XCBuildConfiguration;
			buildSettings = {
				ALWAYS_SEARCH_USER_PATHS = NO;
				CLANG_ANALYZER_NONNULL = YES;
				CLANG_ANALYZER_NUMBER_OBJECT_CONVERSION = YES_AGGRESSIVE;
				CLANG_CXX_LANGUAGE_STANDARD = "gnu++17";
				CLANG_ENABLE_MODULES = YES;
				CLANG_ENABLE_OBJC_ARC = YES;
				CLANG_ENABLE_OBJC_WEAK = YES;
				CLANG_WARN_BLOCK_CAPTURE_AUTORELEASING = YES;
				CLANG_WARN_BOOL_CONVERSION = YES;
				CLANG_WARN_COMMA = YES;
				CLANG_WARN_CONSTANT_CONVERSION = YES;
				CLANG_WARN_DEPRECATED_OBJC_IMPLEMENTATIONS = YES;
				CLANG_WARN_DIRECT_OBJC_ISA_USAGE = YES_ERROR;
				CLANG_WARN_DOCUMENTATION_COMMENTS = YES;
				CLANG_WARN_EMPTY_BODY = YES;
				CLANG_WARN_ENUM_CONVERSION = YES;
				CLANG_WARN_INFINITE_RECURSION = YES;
				CLANG_WARN_INT_CONVERSION = YES;
				CLANG_WARN_NON_LITERAL_NULL_CONVERSION = YES;
				CLANG_WARN_OBJC_IMPLICIT_RETAIN_SELF = YES;
				CLANG_WARN_OBJC_LITERAL_CONVERSION = YES;
				CLANG_WARN_OBJC_ROOT_CLASS = YES_ERROR;
				CLANG_WARN_QUOTED_INCLUDE_IN_FRAMEWORK_HEADER = YES;
				CLANG_WARN_RANGE_LOOP_ANALYSIS = YES;
				CLANG_WARN_STRICT_PROTOTYPES = YES;
				CLANG_WARN_SUSPICIOUS_MOVE = YES;
				CLANG_WARN_UNGUARDED_AVAILABILITY = YES_AGGRESSIVE;
				CLANG_WARN_UNREACHABLE_CODE = YES;
				CLANG_WARN__DUPLICATE_METHOD_MATCH = YES;
				COPY_PHASE_STRIP = NO;
				DEBUG_INFORMATION_FORMAT = "dwarf-with-dsym";
				ENABLE_NS_ASSERTIONS = NO;
				ENABLE_STRICT_OBJC_MSGSEND = YES;
				GCC_C_LANGUAGE_STANDARD = gnu11;
				GCC_NO_COMMON_BLOCKS = YES;
				GCC_WARN_64_TO_32_BIT_CONVERSION = YES;
				GCC_WARN_ABOUT_RETURN_TYPE = YES_ERROR;
				GCC_WARN_UNDECLARED_SELECTOR = YES;
				GCC_WARN_UNINITIALIZED_AUTOS = YES_AGGRESSIVE;
				GCC_WARN_UNUSED_FUNCTION = YES;
				GCC_WARN_UNUSED_VARIABLE = YES;
				IPHONEOS_DEPLOYMENT_TARGET = 15.5;
				MTL_ENABLE_DEBUG_INFO = NO;
				MTL_FAST_MATH = YES;
				SDKROOT = iphoneos;
				SWIFT_COMPILATION_MODE = wholemodule;
				SWIFT_OPTIMIZATION_LEVEL = "-O";
				VALIDATE_PRODUCT = YES;
			};
			name = Release;
		};
		073C148128807DD5001B4BA6 /* Debug */ = {
			isa = XCBuildConfiguration;
			buildSettings = {
				ASSETCATALOG_COMPILER_APPICON_NAME = AppIcon;
				ASSETCATALOG_COMPILER_GLOBAL_ACCENT_COLOR_NAME = AccentColor;
				CODE_SIGN_STYLE = Automatic;
				CURRENT_PROJECT_VERSION = 1;
				DEVELOPMENT_ASSET_PATHS = "\"Appetizers/Preview Content\"";
				DEVELOPMENT_TEAM = S5B48PD3CP;
				ENABLE_PREVIEWS = YES;
				GENERATE_INFOPLIST_FILE = YES;
				INFOPLIST_KEY_UIApplicationSceneManifest_Generation = YES;
				INFOPLIST_KEY_UIApplicationSupportsIndirectInputEvents = YES;
				INFOPLIST_KEY_UILaunchScreen_Generation = YES;
				INFOPLIST_KEY_UISupportedInterfaceOrientations_iPad = "UIInterfaceOrientationPortrait UIInterfaceOrientationPortraitUpsideDown UIInterfaceOrientationLandscapeLeft UIInterfaceOrientationLandscapeRight";
				INFOPLIST_KEY_UISupportedInterfaceOrientations_iPhone = "UIInterfaceOrientationPortrait UIInterfaceOrientationLandscapeLeft UIInterfaceOrientationLandscapeRight";
				LD_RUNPATH_SEARCH_PATHS = (
					"$(inherited)",
					"@executable_path/Frameworks",
				);
				MARKETING_VERSION = 1.0;
				PRODUCT_BUNDLE_IDENTIFIER = py.com.fabianskier.Appetizers;
				PRODUCT_NAME = "$(TARGET_NAME)";
				SWIFT_EMIT_LOC_STRINGS = YES;
				SWIFT_VERSION = 5.0;
				TARGETED_DEVICE_FAMILY = "1,2";
			};
			name = Debug;
		};
		073C148228807DD5001B4BA6 /* Release */ = {
			isa = XCBuildConfiguration;
			buildSettings = {
				ASSETCATALOG_COMPILER_APPICON_NAME = AppIcon;
				ASSETCATALOG_COMPILER_GLOBAL_ACCENT_COLOR_NAME = AccentColor;
				CODE_SIGN_STYLE = Automatic;
				CURRENT_PROJECT_VERSION = 1;
				DEVELOPMENT_ASSET_PATHS = "\"Appetizers/Preview Content\"";
				DEVELOPMENT_TEAM = S5B48PD3CP;
				ENABLE_PREVIEWS = YES;
				GENERATE_INFOPLIST_FILE = YES;
				INFOPLIST_KEY_UIApplicationSceneManifest_Generation = YES;
				INFOPLIST_KEY_UIApplicationSupportsIndirectInputEvents = YES;
				INFOPLIST_KEY_UILaunchScreen_Generation = YES;
				INFOPLIST_KEY_UISupportedInterfaceOrientations_iPad = "UIInterfaceOrientationPortrait UIInterfaceOrientationPortraitUpsideDown UIInterfaceOrientationLandscapeLeft UIInterfaceOrientationLandscapeRight";
				INFOPLIST_KEY_UISupportedInterfaceOrientations_iPhone = "UIInterfaceOrientationPortrait UIInterfaceOrientationLandscapeLeft UIInterfaceOrientationLandscapeRight";
				LD_RUNPATH_SEARCH_PATHS = (
					"$(inherited)",
					"@executable_path/Frameworks",
				);
				MARKETING_VERSION = 1.0;
				PRODUCT_BUNDLE_IDENTIFIER = py.com.fabianskier.Appetizers;
				PRODUCT_NAME = "$(TARGET_NAME)";
				SWIFT_EMIT_LOC_STRINGS = YES;
				SWIFT_VERSION = 5.0;
				TARGETED_DEVICE_FAMILY = "1,2";
			};
			name = Release;
		};
/* End XCBuildConfiguration section */

/* Begin XCConfigurationList section */
		073C146D28807DD4001B4BA6 /* Build configuration list for PBXProject "Appetizers" */ = {
			isa = XCConfigurationList;
			buildConfigurations = (
				073C147E28807DD5001B4BA6 /* Debug */,
				073C147F28807DD5001B4BA6 /* Release */,
			);
			defaultConfigurationIsVisible = 0;
			defaultConfigurationName = Release;
		};
		073C148028807DD5001B4BA6 /* Build configuration list for PBXNativeTarget "Appetizers" */ = {
			isa = XCConfigurationList;
			buildConfigurations = (
				073C148128807DD5001B4BA6 /* Debug */,
				073C148228807DD5001B4BA6 /* Release */,
			);
			defaultConfigurationIsVisible = 0;
			defaultConfigurationName = Release;
		};
/* End XCConfigurationList section */
	};
	rootObject = 073C146A28807DD4001B4BA6 /* Project object */;
}
